
Microsoft Visual Studio Solution File, Format Version 12.00
# Visual Studio Version 17
VisualStudioVersion = 17.1.32328.378
MinimumVisualStudioVersion = 10.0.40219.1
Project("{8BC9CEB8-8B4A-11D0-8D11-00A0C91BC942}") = "MergeSort", "MergeSort\MergeSort.vcxproj", "{B5CA7A20-8BB1-41D3-B37F-7EBBB6C9426B}"
EndProject
Project("{8BC9CEB8-8B4A-11D0-8D11-00A0C91BC942}") = "QuickSort", "QuickSort\QuickSort.vcxproj", "{2CD22613-2996-47E8-877F-EAB4D2DCECA1}"
EndProject
Project("{8BC9CEB8-8B4A-11D0-8D11-00A0C91BC942}") = "Dijkstras", "Dijkstras\Dijkstras.vcxproj", "{A4690098-5297-4077-858F-A225A5B08FB0}"
EndProject
Global
	GlobalSection(SolutionConfigurationPlatforms) = preSolution
		Debug|x64 = Debug|x64
		Debug|x86 = Debug|x86
		Release|x64 = Release|x64
		Release|x86 = Release|x86
	EndGlobalSection
	GlobalSection(ProjectConfigurationPlatforms) = postSolution
		{B5CA7A20-8BB1-41D3-B37F-7EBBB6C9426B}.Debug|x64.ActiveCfg = Debug|x64
		{B5CA7A20-8BB1-41D3-B37F-7EBBB6C9426B}.Debug|x64.Build.0 = Debug|x64
		{B5CA7A20-8BB1-41D3-B37F-7EBBB6C9426B}.Debug|x86.ActiveCfg = Debug|Win32
		{B5CA7A20-8BB1-41D3-B37F-7EBBB6C9426B}.Debug|x86.Build.0 = Debug|Win32
		{B5CA7A20-8BB1-41D3-B37F-7EBBB6C9426B}.Release|x64.ActiveCfg = Release|x64
		{B5CA7A20-8BB1-41D3-B37F-7EBBB6C9426B}.Release|x64.Build.0 = Release|x64
		{B5CA7A20-8BB1-41D3-B37F-7EBBB6C9426B}.Release|x86.ActiveCfg = Release|Win32
		{B5CA7A20-8BB1-41D3-B37F-7EBBB6C9426B}.Release|x86.Build.0 = Release|Win32
		{2CD22613-2996-47E8-877F-EAB4D2DCECA1}.Debug|x64.ActiveCfg = Debug|x64
		{2CD22613-2996-47E8-877F-EAB4D2DCECA1}.Debug|x64.Build.0 = Debug|x64
		{2CD22613-2996-47E8-877F-EAB4D2DCECA1}.Debug|x86.ActiveCfg = Debug|Win32
		{2CD22613-2996-47E8-877F-EAB4D2DCECA1}.Debug|x86.Build.0 = Debug|Win32
		{2CD22613-2996-47E8-877F-EAB4D2DCECA1}.Release|x64.ActiveCfg = Release|x64
		{2CD22613-2996-47E8-877F-EAB4D2DCECA1}.Release|x64.Build.0 = Release|x64
		{2CD22613-2996-47E8-877F-EAB4D2DCECA1}.Release|x86.ActiveCfg = Release|Win32
		{2CD22613-2996-47E8-877F-EAB4D2DCECA1}.Release|x86.Build.0 = Release|Win32
		{A4690098-5297-4077-858F-A225A5B08FB0}.Debug|x64.ActiveCfg = Debug|x64
		{A4690098-5297-4077-858F-A225A5B08FB0}.Debug|x64.Build.0 = Debug|x64
		{A4690098-5297-4077-858F-A225A5B08FB0}.Debug|x86.ActiveCfg = Debug|Win32
		{A4690098-5297-4077-858F-A225A5B08FB0}.Debug|x86.Build.0 = Debug|Win32
		{A4690098-5297-4077-858F-A225A5B08FB0}.Release|x64.ActiveCfg = Release|x64
		{A4690098-5297-4077-858F-A225A5B08FB0}.Release|x64.Build.0 = Release|x64
		{A4690098-5297-4077-858F-A225A5B08FB0}.Release|x86.ActiveCfg = Release|Win32
		{A4690098-5297-4077-858F-A225A5B08FB0}.Release|x86.Build.0 = Release|Win32
	EndGlobalSection
	GlobalSection(SolutionProperties) = preSolution
		HideSolutionNode = FALSE
	EndGlobalSection
	GlobalSection(ExtensibilityGlobals) = postSolution
		SolutionGuid = {015C5076-0C93-4750-8AA5-1CCA9DFB04C2}
	EndGlobalSection
EndGlobal
